# This file is automatically @generated by Cargo.
# It is not intended for manual editing.
[[package]]
name = "isla-smt"
version = "0.1.0"
dependencies = [
 "libc 0.2.65 (registry+https://github.com/rust-lang/crates.io-index)",
 "z3-sys 0.5.0 (registry+https://github.com/rust-lang/crates.io-index)",
]

[[package]]
name = "libc"
version = "0.2.65"
source = "registry+https://github.com/rust-lang/crates.io-index"

[[package]]
name = "z3-sys"
version = "0.5.0"
source = "registry+https://github.com/rust-lang/crates.io-index"

[metadata]
"checksum libc 0.2.65 (registry+https://github.com/rust-lang/crates.io-index)" = "1a31a0627fdf1f6a39ec0dd577e101440b7db22672c0901fe00a9a6fbb5c24e8"
"checksum z3-sys 0.5.0 (registry+https://github.com/rust-lang/crates.io-index)" = "ae57b4c31eabc2620fbf2ea3e4deac2cd8a12522ccc0ebcc29e60dff8137de31"
